
Microsoft Visual Studio Solution File, Format Version 12.00
# Visual Studio 15
VisualStudioVersion = 15.0.27130.2027
MinimumVisualStudioVersion = 10.0.40219.1
Project("{FAE04EC0-301F-11D3-BF4B-00C04F79EFBC}") = "WebApplication1", "WebApplication1\WebApplication1.csproj", "{35C863B3-1CDE-44D8-A187-3EC84B172D84}"
EndProject
Global
	GlobalSection(SolutionConfigurationPlatforms) = preSolution
		Debug|Any CPU = Debug|Any CPU
		Release|Any CPU = Release|Any CPU
	EndGlobalSection
	GlobalSection(ProjectConfigurationPlatforms) = postSolution
		{35C863B3-1CDE-44D8-A187-3EC84B172D84}.Debug|Any CPU.ActiveCfg = Debug|Any CPU
		{35C863B3-1CDE-44D8-A187-3EC84B172D84}.Debug|Any CPU.Build.0 = Debug|Any CPU
		{35C863B3-1CDE-44D8-A187-3EC84B172D84}.Release|Any CPU.ActiveCfg = Release|Any CPU
		{35C863B3-1CDE-44D8-A187-3EC84B172D84}.Release|Any CPU.Build.0 = Release|Any CPU
	EndGlobalSection
	GlobalSection(SolutionProperties) = preSolution
		HideSolutionNode = FALSE
	EndGlobalSection
	GlobalSection(ExtensibilityGlobals) = postSolution
		SolutionGuid = {F358864C-6746-46E6-B618-F643D62DE969}
	EndGlobalSection
EndGlobal
